// !$*UTF8*$!
{
	archiveVersion = 1;
	classes = {
	};
	objectVersion = 50;
	objects = {

/* Begin PBXBuildFile section */
		4226EC0B21AB3DCA00F21725 /* AppDelegate.m in Sources */ = {isa = PBXBuildFile; fileRef = 4226EC0A21AB3DCA00F21725 /* AppDelegate.m */; };
		4226EC0E21AB3DCA00F21725 /* ViewController.m in Sources */ = {isa = PBXBuildFile; fileRef = 4226EC0D21AB3DCA00F21725 /* ViewController.m */; };
		4226EC1121AB3DCA00F21725 /* Main.storyboard in Resources */ = {isa = PBXBuildFile; fileRef = 4226EC0F21AB3DCA00F21725 /* Main.storyboard */; };
		4226EC1321AB3DCC00F21725 /* Assets.xcassets in Resources */ = {isa = PBXBuildFile; fileRef = 4226EC1221AB3DCC00F21725 /* Assets.xcassets */; };
		4226EC1621AB3DCC00F21725 /* LaunchScreen.storyboard in Resources */ = {isa = PBXBuildFile; fileRef = 4226EC1421AB3DCC00F21725 /* LaunchScreen.storyboard */; };
		4226EC1921AB3DCC00F21725 /* main.m in Sources */ = {isa = PBXBuildFile; fileRef = 4226EC1821AB3DCC00F21725 /* main.m */; };
		4226EC2321AB3DCD00F21725 /* firstDiscountProjectTests.m in Sources */ = {isa = PBXBuildFile; fileRef = 4226EC2221AB3DCD00F21725 /* firstDiscountProjectTests.m */; };
		4226EC2E21AB3DCD00F21725 /* firstDiscountProjectUITests.m in Sources */ = {isa = PBXBuildFile; fileRef = 4226EC2D21AB3DCD00F21725 /* firstDiscountProjectUITests.m */; };
/* End PBXBuildFile section */

/* Begin PBXContainerItemProxy section */
		4226EC1F21AB3DCD00F21725 /* PBXContainerItemProxy */ = {
			isa = PBXContainerItemProxy;
			containerPortal = 4226EBFE21AB3DCA00F21725 /* Project object */;
			proxyType = 1;
			remoteGlobalIDString = 4226EC0521AB3DCA00F21725;
			remoteInfo = firstDiscountProject;
		};
		4226EC2A21AB3DCD00F21725 /* PBXContainerItemProxy */ = {
			isa = PBXContainerItemProxy;
			containerPortal = 4226EBFE21AB3DCA00F21725 /* Project object */;
			proxyType = 1;
			remoteGlobalIDString = 4226EC0521AB3DCA00F21725;
			remoteInfo = firstDiscountProject;
		};
/* End PBXContainerItemProxy section */

/* Begin PBXFileReference section */
		4226EC0621AB3DCA00F21725 /* firstDiscountProject.app */ = {isa = PBXFileReference; explicitFileType = wrapper.application; includeInIndex = 0; path = firstDiscountProject.app; sourceTree = BUILT_PRODUCTS_DIR; };
		4226EC0921AB3DCA00F21725 /* AppDelegate.h */ = {isa = PBXFileReference; lastKnownFileType = sourcecode.c.h; path = AppDelegate.h; sourceTree = "<group>"; };
		4226EC0A21AB3DCA00F21725 /* AppDelegate.m */ = {isa = PBXFileReference; lastKnownFileType = sourcecode.c.objc; path = AppDelegate.m; sourceTree = "<group>"; };
		4226EC0C21AB3DCA00F21725 /* ViewController.h */ = {isa = PBXFileReference; lastKnownFileType = sourcecode.c.h; path = ViewController.h; sourceTree = "<group>"; };
		4226EC0D21AB3DCA00F21725 /* ViewController.m */ = {isa = PBXFileReference; lastKnownFileType = sourcecode.c.objc; path = ViewController.m; sourceTree = "<group>"; };
		4226EC1021AB3DCA00F21725 /* Base */ = {isa = PBXFileReference; lastKnownFileType = file.storyboard; name = Base; path = Base.lproj/Main.storyboard; sourceTree = "<group>"; };
		4226EC1221AB3DCC00F21725 /* Assets.xcassets */ = {isa = PBXFileReference; lastKnownFileType = folder.assetcatalog; path = Assets.xcassets; sourceTree = "<group>"; };
		4226EC1521AB3DCC00F21725 /* Base */ = {isa = PBXFileReference; lastKnownFileType = file.storyboard; name = Base; path = Base.lproj/LaunchScreen.storyboard; sourceTree = "<group>"; };
		4226EC1721AB3DCC00F21725 /* Info.plist */ = {isa = PBXFileReference; lastKnownFileType = text.plist.xml; path = Info.plist; sourceTree = "<group>"; };
		4226EC1821AB3DCC00F21725 /* main.m */ = {isa = PBXFileReference; lastKnownFileType = sourcecode.c.objc; path = main.m; sourceTree = "<group>"; };
		4226EC1E21AB3DCD00F21725 /* firstDiscountProjectTests.xctest */ = {isa = PBXFileReference; explicitFileType = wrapper.cfbundle; includeInIndex = 0; path = firstDiscountProjectTests.xctest; sourceTree = BUILT_PRODUCTS_DIR; };
		4226EC2221AB3DCD00F21725 /* firstDiscountProjectTests.m */ = {isa = PBXFileReference; lastKnownFileType = sourcecode.c.objc; path = firstDiscountProjectTests.m; sourceTree = "<group>"; };
		4226EC2421AB3DCD00F21725 /* Info.plist */ = {isa = PBXFileReference; lastKnownFileType = text.plist.xml; path = Info.plist; sourceTree = "<group>"; };
		4226EC2921AB3DCD00F21725 /* firstDiscountProjectUITests.xctest */ = {isa = PBXFileReference; explicitFileType = wrapper.cfbundle; includeInIndex = 0; path = firstDiscountProjectUITests.xctest; sourceTree = BUILT_PRODUCTS_DIR; };
		4226EC2D21AB3DCD00F21725 /* firstDiscountProjectUITests.m */ = {isa = PBXFileReference; lastKnownFileType = sourcecode.c.objc; path = firstDiscountProjectUITests.m; sourceTree = "<group>"; };
		4226EC2F21AB3DCD00F21725 /* Info.plist */ = {isa = PBXFileReference; lastKnownFileType = text.plist.xml; path = Info.plist; sourceTree = "<group>"; };
/* End PBXFileReference section */

/* Begin PBXFrameworksBuildPhase section */
		4226EC0321AB3DCA00F21725 /* Frameworks */ = {
			isa = PBXFrameworksBuildPhase;
			buildActionMask = 2147483647;
			files = (
			);
			runOnlyForDeploymentPostprocessing = 0;
		};
		4226EC1B21AB3DCD00F21725 /* Frameworks */ = {
			isa = PBXFrameworksBuildPhase;
			buildActionMask = 2147483647;
			files = (
			);
			runOnlyForDeploymentPostprocessing = 0;
		};
		4226EC2621AB3DCD00F21725 /* Frameworks */ = {
			isa = PBXFrameworksBuildPhase;
			buildActionMask = 2147483647;
			files = (
			);
			runOnlyForDeploymentPostprocessing = 0;
		};
/* End PBXFrameworksBuildPhase section */

/* Begin PBXGroup section */
		4226EBFD21AB3DCA00F21725 = {
			isa = PBXGroup;
			children = (
				4226EC0821AB3DCA00F21725 /* firstDiscountProject */,
				4226EC2121AB3DCD00F21725 /* firstDiscountProjectTests */,
				4226EC2C21AB3DCD00F21725 /* firstDiscountProjectUITests */,
				4226EC0721AB3DCA00F21725 /* Products */,
			);
			sourceTree = "<group>";
		};
		4226EC0721AB3DCA00F21725 /* Products */ = {
			isa = PBXGroup;
			children = (
				4226EC0621AB3DCA00F21725 /* firstDiscountProject.app */,
				4226EC1E21AB3DCD00F21725 /* firstDiscountProjectTests.xctest */,
				4226EC2921AB3DCD00F21725 /* firstDiscountProjectUITests.xctest */,
			);
			name = Products;
			sourceTree = "<group>";
		};
		4226EC0821AB3DCA00F21725 /* firstDiscountProject */ = {
			isa = PBXGroup;
			children = (
				4226EC0921AB3DCA00F21725 /* AppDelegate.h */,
				4226EC0A21AB3DCA00F21725 /* AppDelegate.m */,
				4226EC0C21AB3DCA00F21725 /* ViewController.h */,
				4226EC0D21AB3DCA00F21725 /* ViewController.m */,
				4226EC0F21AB3DCA00F21725 /* Main.storyboard */,
				4226EC1221AB3DCC00F21725 /* Assets.xcassets */,
				4226EC1421AB3DCC00F21725 /* LaunchScreen.storyboard */,
				4226EC1721AB3DCC00F21725 /* Info.plist */,
				4226EC1821AB3DCC00F21725 /* main.m */,
			);
			path = firstDiscountProject;
			sourceTree = "<group>";
		};
		4226EC2121AB3DCD00F21725 /* firstDiscountProjectTests */ = {
			isa = PBXGroup;
			children = (
				4226EC2221AB3DCD00F21725 /* firstDiscountProjectTests.m */,
				4226EC2421AB3DCD00F21725 /* Info.plist */,
			);
			path = firstDiscountProjectTests;
			sourceTree = "<group>";
		};
		4226EC2C21AB3DCD00F21725 /* firstDiscountProjectUITests */ = {
			isa = PBXGroup;
			children = (
				4226EC2D21AB3DCD00F21725 /* firstDiscountProjectUITests.m */,
				4226EC2F21AB3DCD00F21725 /* Info.plist */,
			);
			path = firstDiscountProjectUITests;
			sourceTree = "<group>";
		};
/* End PBXGroup section */

/* Begin PBXNativeTarget section */
		4226EC0521AB3DCA00F21725 /* firstDiscountProject */ = {
			isa = PBXNativeTarget;
			buildConfigurationList = 4226EC3221AB3DCD00F21725 /* Build configuration list for PBXNativeTarget "firstDiscountProject" */;
			buildPhases = (
				4226EC0221AB3DCA00F21725 /* Sources */,
				4226EC0321AB3DCA00F21725 /* Frameworks */,
				4226EC0421AB3DCA00F21725 /* Resources */,
			);
			buildRules = (
			);
			dependencies = (
			);
			name = firstDiscountProject;
			productName = firstDiscountProject;
			productReference = 4226EC0621AB3DCA00F21725 /* firstDiscountProject.app */;
			productType = "com.apple.product-type.application";
		};
		4226EC1D21AB3DCD00F21725 /* firstDiscountProjectTests */ = {
			isa = PBXNativeTarget;
			buildConfigurationList = 4226EC3521AB3DCD00F21725 /* Build configuration list for PBXNativeTarget "firstDiscountProjectTests" */;
			buildPhases = (
				4226EC1A21AB3DCD00F21725 /* Sources */,
				4226EC1B21AB3DCD00F21725 /* Frameworks */,
				4226EC1C21AB3DCD00F21725 /* Resources */,
			);
			buildRules = (
			);
			dependencies = (
				4226EC2021AB3DCD00F21725 /* PBXTargetDependency */,
			);
			name = firstDiscountProjectTests;
			productName = firstDiscountProjectTests;
			productReference = 4226EC1E21AB3DCD00F21725 /* firstDiscountProjectTests.xctest */;
			productType = "com.apple.product-type.bundle.unit-test";
		};
		4226EC2821AB3DCD00F21725 /* firstDiscountProjectUITests */ = {
			isa = PBXNativeTarget;
			buildConfigurationList = 4226EC3821AB3DCD00F21725 /* Build configuration list for PBXNativeTarget "firstDiscountProjectUITests" */;
			buildPhases = (
				4226EC2521AB3DCD00F21725 /* Sources */,
				4226EC2621AB3DCD00F21725 /* Frameworks */,
				4226EC2721AB3DCD00F21725 /* Resources */,
			);
			buildRules = (
			);
			dependencies = (
				4226EC2B21AB3DCD00F21725 /* PBXTargetDependency */,
			);
			name = firstDiscountProjectUITests;
			productName = firstDiscountProjectUITests;
			productReference = 4226EC2921AB3DCD00F21725 /* firstDiscountProjectUITests.xctest */;
			productType = "com.apple.product-type.bundle.ui-testing";
		};
/* End PBXNativeTarget section */

/* Begin PBXProject section */
		4226EBFE21AB3DCA00F21725 /* Project object */ = {
			isa = PBXProject;
			attributes = {
				LastUpgradeCheck = 1010;
				ORGANIZATIONNAME = Joshua;
				TargetAttributes = {
					4226EC0521AB3DCA00F21725 = {
						CreatedOnToolsVersion = 10.1;
					};
					4226EC1D21AB3DCD00F21725 = {
						CreatedOnToolsVersion = 10.1;
						TestTargetID = 4226EC0521AB3DCA00F21725;
					};
					4226EC2821AB3DCD00F21725 = {
						CreatedOnToolsVersion = 10.1;
						TestTargetID = 4226EC0521AB3DCA00F21725;
					};
				};
			};
			buildConfigurationList = 4226EC0121AB3DCA00F21725 /* Build configuration list for PBXProject "firstDiscountProject" */;
			compatibilityVersion = "Xcode 9.3";
			developmentRegion = en;
			hasScannedForEncodings = 0;
			knownRegions = (
				en,
				Base,
			);
			mainGroup = 4226EBFD21AB3DCA00F21725;
			productRefGroup = 4226EC0721AB3DCA00F21725 /* Products */;
			projectDirPath = "";
			projectRoot = "";
			targets = (
				4226EC0521AB3DCA00F21725 /* firstDiscountProject */,
				4226EC1D21AB3DCD00F21725 /* firstDiscountProjectTests */,
				4226EC2821AB3DCD00F21725 /* firstDiscountProjectUITests */,
			);
		};
/* End PBXProject section */

/* Begin PBXResourcesBuildPhase section */
		4226EC0421AB3DCA00F21725 /* Resources */ = {
			isa = PBXResourcesBuildPhase;
			buildActionMask = 2147483647;
			files = (
				4226EC1621AB3DCC00F21725 /* LaunchScreen.storyboard in Resources */,
				4226EC1321AB3DCC00F21725 /* Assets.xcassets in Resources */,
				4226EC1121AB3DCA00F21725 /* Main.storyboard in Resources */,
			);
			runOnlyForDeploymentPostprocessing = 0;
		};
		4226EC1C21AB3DCD00F21725 /* Resources */ = {
			isa = PBXResourcesBuildPhase;
			buildActionMask = 2147483647;
			files = (
			);
			runOnlyForDeploymentPostprocessing = 0;
		};
		4226EC2721AB3DCD00F21725 /* Resources */ = {
			isa = PBXResourcesBuildPhase;
			buildActionMask = 2147483647;
			files = (
			);
			runOnlyForDeploymentPostprocessing = 0;
		};
/* End PBXResourcesBuildPhase section */

/* Begin PBXSourcesBuildPhase section */
		4226EC0221AB3DCA00F21725 /* Sources */ = {
			isa = PBXSourcesBuildPhase;
			buildActionMask = 2147483647;
			files = (
				4226EC0E21AB3DCA00F21725 /* ViewController.m in Sources */,
				4226EC1921AB3DCC00F21725 /* main.m in Sources */,
				4226EC0B21AB3DCA00F21725 /* AppDelegate.m in Sources */,
			);
			runOnlyForDeploymentPostprocessing = 0;
		};
		4226EC1A21AB3DCD00F21725 /* Sources */ = {
			isa = PBXSourcesBuildPhase;
			buildActionMask = 2147483647;
			files = (
				4226EC2321AB3DCD00F21725 /* firstDiscountProjectTests.m in Sources */,
			);
			runOnlyForDeploymentPostprocessing = 0;
		};
		4226EC2521AB3DCD00F21725 /* Sources */ = {
			isa = PBXSourcesBuildPhase;
			buildActionMask = 2147483647;
			files = (
				4226EC2E21AB3DCD00F21725 /* firstDiscountProjectUITests.m in Sources */,
			);
			runOnlyForDeploymentPostprocessing = 0;
		};
/* End PBXSourcesBuildPhase section */

/* Begin PBXTargetDependency section */
		4226EC2021AB3DCD00F21725 /* PBXTargetDependency */ = {
			isa = PBXTargetDependency;
			target = 4226EC0521AB3DCA00F21725 /* firstDiscountProject */;
			targetProxy = 4226EC1F21AB3DCD00F21725 /* PBXContainerItemProxy */;
		};
		4226EC2B21AB3DCD00F21725 /* PBXTargetDependency */ = {
			isa = PBXTargetDependency;
			target = 4226EC0521AB3DCA00F21725 /* firstDiscountProject */;
			targetProxy = 4226EC2A21AB3DCD00F21725 /* PBXContainerItemProxy */;
		};
/* End PBXTargetDependency section */

/* Begin PBXVariantGroup section */
		4226EC0F21AB3DCA00F21725 /* Main.storyboard */ = {
			isa = PBXVariantGroup;
			children = (
				4226EC1021AB3DCA00F21725 /* Base */,
			);
			name = Main.storyboard;
			sourceTree = "<group>";
		};
		4226EC1421AB3DCC00F21725 /* LaunchScreen.storyboard */ = {
			isa = PBXVariantGroup;
			children = (
				4226EC1521AB3DCC00F21725 /* Base */,
			);
			name = LaunchScreen.storyboard;
			sourceTree = "<group>";
		};
/* End PBXVariantGroup section */

/* Begin XCBuildConfiguration section */
		4226EC3021AB3DCD00F21725 /* Debug */ = {
			isa = XCBuildConfiguration;
			buildSettings = {
				ALWAYS_SEARCH_USER_PATHS = NO;
				CLANG_ANALYZER_NONNULL = YES;
				CLANG_ANALYZER_NUMBER_OBJECT_CONVERSION = YES_AGGRESSIVE;
				CLANG_CXX_LANGUAGE_STANDARD = "gnu++14";
				CLANG_CXX_LIBRARY = "libc++";
				CLANG_ENABLE_MODULES = YES;
				CLANG_ENABLE_OBJC_ARC = YES;
				CLANG_ENABLE_OBJC_WEAK = YES;
				CLANG_WARN_BLOCK_CAPTURE_AUTORELEASING = YES;
				CLANG_WARN_BOOL_CONVERSION = YES;
				CLANG_WARN_COMMA = YES;
				CLANG_WARN_CONSTANT_CONVERSION = YES;
				CLANG_WARN_DEPRECATED_OBJC_IMPLEMENTATIONS = YES;
				CLANG_WARN_DIRECT_OBJC_ISA_USAGE = YES_ERROR;
				CLANG_WARN_DOCUMENTATION_COMMENTS = YES;
				CLANG_WARN_EMPTY_BODY = YES;
				CLANG_WARN_ENUM_CONVERSION = YES;
				CLANG_WARN_INFINITE_RECURSION = YES;
				CLANG_WARN_INT_CONVERSION = YES;
				CLANG_WARN_NON_LITERAL_NULL_CONVERSION = YES;
				CLANG_WARN_OBJC_IMPLICIT_RETAIN_SELF = YES;
				CLANG_WARN_OBJC_LITERAL_CONVERSION = YES;
				CLANG_WARN_OBJC_ROOT_CLASS = YES_ERROR;
				CLANG_WARN_RANGE_LOOP_ANALYSIS = YES;
				CLANG_WARN_STRICT_PROTOTYPES = YES;
				CLANG_WARN_SUSPICIOUS_MOVE = YES;
				CLANG_WARN_UNGUARDED_AVAILABILITY = YES_AGGRESSIVE;
				CLANG_WARN_UNREACHABLE_CODE = YES;
				CLANG_WARN__DUPLICATE_METHOD_MATCH = YES;
				CODE_SIGN_IDENTITY = "iPhone Developer";
				COPY_PHASE_STRIP = NO;
				DEBUG_INFORMATION_FORMAT = dwarf;
				ENABLE_STRICT_OBJC_MSGSEND = YES;
				ENABLE_TESTABILITY = YES;
				GCC_C_LANGUAGE_STANDARD = gnu11;
				GCC_DYNAMIC_NO_PIC = NO;
				GCC_NO_COMMON_BLOCKS = YES;
				GCC_OPTIMIZATION_LEVEL = 0;
				GCC_PREPROCESSOR_DEFINITIONS = (
					"DEBUG=1",
					"$(inherited)",
				);
				GCC_WARN_64_TO_32_BIT_CONVERSION = YES;
				GCC_WARN_ABOUT_RETURN_TYPE = YES_ERROR;
				GCC_WARN_UNDECLARED_SELECTOR = YES;
				GCC_WARN_UNINITIALIZED_AUTOS = YES_AGGRESSIVE;
				GCC_WARN_UNUSED_FUNCTION = YES;
				GCC_WARN_UNUSED_VARIABLE = YES;
				IPHONEOS_DEPLOYMENT_TARGET = 12.1;
				MTL_ENABLE_DEBUG_INFO = INCLUDE_SOURCE;
				MTL_FAST_MATH = YES;
				ONLY_ACTIVE_ARCH = YES;
				SDKROOT = iphoneos;
			};
			name = Debug;
		};
		4226EC3121AB3DCD00F21725 /* Release */ = {
			isa = XCBuildConfiguration;
			buildSettings = {
				ALWAYS_SEARCH_USER_PATHS = NO;
				CLANG_ANALYZER_NONNULL = YES;
				CLANG_ANALYZER_NUMBER_OBJECT_CONVERSION = YES_AGGRESSIVE;
				CLANG_CXX_LANGUAGE_STANDARD = "gnu++14";
				CLANG_CXX_LIBRARY = "libc++";
				CLANG_ENABLE_MODULES = YES;
				CLANG_ENABLE_OBJC_ARC = YES;
				CLANG_ENABLE_OBJC_WEAK = YES;
				CLANG_WARN_BLOCK_CAPTURE_AUTORELEASING = YES;
				CLANG_WARN_BOOL_CONVERSION = YES;
				CLANG_WARN_COMMA = YES;
				CLANG_WARN_CONSTANT_CONVERSION = YES;
				CLANG_WARN_DEPRECATED_OBJC_IMPLEMENTATIONS = YES;
				CLANG_WARN_DIRECT_OBJC_ISA_USAGE = YES_ERROR;
				CLANG_WARN_DOCUMENTATION_COMMENTS = YES;
				CLANG_WARN_EMPTY_BODY = YES;
				CLANG_WARN_ENUM_CONVERSION = YES;
				CLANG_WARN_INFINITE_RECURSION = YES;
				CLANG_WARN_INT_CONVERSION = YES;
				CLANG_WARN_NON_LITERAL_NULL_CONVERSION = YES;
				CLANG_WARN_OBJC_IMPLICIT_RETAIN_SELF = YES;
				CLANG_WARN_OBJC_LITERAL_CONVERSION = YES;
				CLANG_WARN_OBJC_ROOT_CLASS = YES_ERROR;
				CLANG_WARN_RANGE_LOOP_ANALYSIS = YES;
				CLANG_WARN_STRICT_PROTOTYPES = YES;
				CLANG_WARN_SUSPICIOUS_MOVE = YES;
				CLANG_WARN_UNGUARDED_AVAILABILITY = YES_AGGRESSIVE;
				CLANG_WARN_UNREACHABLE_CODE = YES;
				CLANG_WARN__DUPLICATE_METHOD_MATCH = YES;
				CODE_SIGN_IDENTITY = "iPhone Developer";
				COPY_PHASE_STRIP = NO;
				DEBUG_INFORMATION_FORMAT = "dwarf-with-dsym";
				ENABLE_NS_ASSERTIONS = NO;
				ENABLE_STRICT_OBJC_MSGSEND = YES;
				GCC_C_LANGUAGE_STANDARD = gnu11;
				GCC_NO_COMMON_BLOCKS = YES;
				GCC_WARN_64_TO_32_BIT_CONVERSION = YES;
				GCC_WARN_ABOUT_RETURN_TYPE = YES_ERROR;
				GCC_WARN_UNDECLARED_SELECTOR = YES;
				GCC_WARN_UNINITIALIZED_AUTOS = YES_AGGRESSIVE;
				GCC_WARN_UNUSED_FUNCTION = YES;
				GCC_WARN_UNUSED_VARIABLE = YES;
				IPHONEOS_DEPLOYMENT_TARGET = 12.1;
				MTL_ENABLE_DEBUG_INFO = NO;
				MTL_FAST_MATH = YES;
				SDKROOT = iphoneos;
				VALIDATE_PRODUCT = YES;
			};
			name = Release;
		};
		4226EC3321AB3DCD00F21725 /* Debug */ = {
			isa = XCBuildConfiguration;
			buildSettings = {
				ASSETCATALOG_COMPILER_APPICON_NAME = AppIcon;
				CODE_SIGN_STYLE = Automatic;
				INFOPLIST_FILE = firstDiscountProject/Info.plist;
				LD_RUNPATH_SEARCH_PATHS = (
					"$(inherited)",
					"@executable_path/Frameworks",
				);
				PRODUCT_BUNDLE_IDENTIFIER = edu.gwu.firstDiscountProject;
				PRODUCT_NAME = "$(TARGET_NAME)";
				TARGETED_DEVICE_FAMILY = "1,2";
			};
			name = Debug;
		};
		4226EC3421AB3DCD00F21725 /* Release */ = {
			isa = XCBuildConfiguration;
			buildSettings = {
				ASSETCATALOG_COMPILER_APPICON_NAME = AppIcon;
				CODE_SIGN_STYLE = Automatic;
				INFOPLIST_FILE = firstDiscountProject/Info.plist;
				LD_RUNPATH_SEARCH_PATHS = (
					"$(inherited)",
					"@executable_path/Frameworks",
				);
				PRODUCT_BUNDLE_IDENTIFIER = edu.gwu.firstDiscountProject;
				PRODUCT_NAME = "$(TARGET_NAME)";
				TARGETED_DEVICE_FAMILY = "1,2";
			};
			name = Release;
		};
		4226EC3621AB3DCD00F21725 /* Debug */ = {
			isa = XCBuildConfiguration;
			buildSettings = {
				BUNDLE_LOADER = "$(TEST_HOST)";
				CODE_SIGN_STYLE = Automatic;
				INFOPLIST_FILE = firstDiscountProjectTests/Info.plist;
				LD_RUNPATH_SEARCH_PATHS = (
					"$(inherited)",
					"@executable_path/Frameworks",
					"@loader_path/Frameworks",
				);
				PRODUCT_BUNDLE_IDENTIFIER = edu.gwu.firstDiscountProjectTests;
				PRODUCT_NAME = "$(TARGET_NAME)";
				TARGETED_DEVICE_FAMILY = "1,2";
				TEST_HOST = "$(BUILT_PRODUCTS_DIR)/firstDiscountProject.app/firstDiscountProject";
			};
			name = Debug;
		};
		4226EC3721AB3DCD00F21725 /* Release */ = {
			isa = XCBuildConfiguration;
			buildSettings = {
				BUNDLE_LOADER = "$(TEST_HOST)";
				CODE_SIGN_STYLE = Automatic;
				INFOPLIST_FILE = firstDiscountProjectTests/Info.plist;
				LD_RUNPATH_SEARCH_PATHS = (
					"$(inherited)",
					"@executable_path/Frameworks",
					"@loader_path/Frameworks",
				);
				PRODUCT_BUNDLE_IDENTIFIER = edu.gwu.firstDiscountProjectTests;
				PRODUCT_NAME = "$(TARGET_NAME)";
				TARGETED_DEVICE_FAMILY = "1,2";
				TEST_HOST = "$(BUILT_PRODUCTS_DIR)/firstDiscountProject.app/firstDiscountProject";
			};
			name = Release;
		};
		4226EC3921AB3DCD00F21725 /* Debug */ = {
			isa = XCBuildConfiguration;
			buildSettings = {
				CODE_SIGN_STYLE = Automatic;
				INFOPLIST_FILE = firstDiscountProjectUITests/Info.plist;
				LD_RUNPATH_SEARCH_PATHS = (
					"$(inherited)",
					"@executable_path/Frameworks",
					"@loader_path/Frameworks",
				);
				PRODUCT_BUNDLE_IDENTIFIER = edu.gwu.firstDiscountProjectUITests;
				PRODUCT_NAME = "$(TARGET_NAME)";
				TARGETED_DEVICE_FAMILY = "1,2";
				TEST_TARGET_NAME = firstDiscountProject;
			};
			name = Debug;
		};
		4226EC3A21AB3DCD00F21725 /* Release */ = {
			isa = XCBuildConfiguration;
			buildSettings = {
				CODE_SIGN_STYLE = Automatic;
				INFOPLIST_FILE = firstDiscountProjectUITests/Info.plist;
				LD_RUNPATH_SEARCH_PATHS = (
					"$(inherited)",
					"@executable_path/Frameworks",
					"@loader_path/Frameworks",
				);
				PRODUCT_BUNDLE_IDENTIFIER = edu.gwu.firstDiscountProjectUITests;
				PRODUCT_NAME = "$(TARGET_NAME)";
				TARGETED_DEVICE_FAMILY = "1,2";
				TEST_TARGET_NAME = firstDiscountProject;
			};
			name = Release;
		};
/* End XCBuildConfiguration section */

/* Begin XCConfigurationList section */
		4226EC0121AB3DCA00F21725 /* Build configuration list for PBXProject "firstDiscountProject" */ = {
			isa = XCConfigurationList;
			buildConfigurations = (
				4226EC3021AB3DCD00F21725 /* Debug */,
				4226EC3121AB3DCD00F21725 /* Release */,
			);
			defaultConfigurationIsVisible = 0;
			defaultConfigurationName = Release;
		};
		4226EC3221AB3DCD00F21725 /* Build configuration list for PBXNativeTarget "firstDiscountProject" */ = {
			isa = XCConfigurationList;
			buildConfigurations = (
				4226EC3321AB3DCD00F21725 /* Debug */,
				4226EC3421AB3DCD00F21725 /* Release */,
			);
			defaultConfigurationIsVisible = 0;
			defaultConfigurationName = Release;
		};
		4226EC3521AB3DCD00F21725 /* Build configuration list for PBXNativeTarget "firstDiscountProjectTests" */ = {
			isa = XCConfigurationList;
			buildConfigurations = (
				4226EC3621AB3DCD00F21725 /* Debug */,
				4226EC3721AB3DCD00F21725 /* Release */,
			);
			defaultConfigurationIsVisible = 0;
			defaultConfigurationName = Release;
		};
		4226EC3821AB3DCD00F21725 /* Build configuration list for PBXNativeTarget "firstDiscountProjectUITests" */ = {
			isa = XCConfigurationList;
			buildConfigurations = (
				4226EC3921AB3DCD00F21725 /* Debug */,
				4226EC3A21AB3DCD00F21725 /* Release */,
			);
			defaultConfigurationIsVisible = 0;
			defaultConfigurationName = Release;
		};
/* End XCConfigurationList section */
	};
	rootObject = 4226EBFE21AB3DCA00F21725 /* Project object */;
}
